
Microsoft Visual Studio Solution File, Format Version 12.00
Project("{FAE04EC0-301F-11D3-BF4B-00C04F79EFBC}") = "MarcakiService.Application", "src\MarcakiService\MarcakiService.Application.csproj", "{DAD3561D-67C6-4F8D-888A-C7EE09E173C7}"
EndProject
Project("{2150E333-8FDC-42A3-9474-1A3956D46DE8}") = "src", "src", "{F1163470-C54A-4AC8-9FD7-4E883E80C917}"
EndProject
Project("{2150E333-8FDC-42A3-9474-1A3956D46DE8}") = "tests", "tests", "{A50A4786-ABBA-4D75-A091-01CF2EBB5182}"
EndProject
Project("{FAE04EC0-301F-11D3-BF4B-00C04F79EFBC}") = "MarcakiService.Domain.UnitTests", "tests\MarcakiService.Domain.UnitTests\MarcakiService.Domain.UnitTests.csproj", "{7259DF61-EEEF-4C4E-A878-9D8B484487BC}"
EndProject
Project("{FAE04EC0-301F-11D3-BF4B-00C04F79EFBC}") = "MarcakiService.Domain", "src\MarcakiService.Domain\MarcakiService.Domain.csproj", "{51AE0B3D-216B-44ED-AA2E-8D74D45BD794}"
EndProject
Project("{FAE04EC0-301F-11D3-BF4B-00C04F79EFBC}") = "MarcakiService.Cross", "src\MarcakiService.Cross\MarcakiService.Cross.csproj", "{0E91728D-53ED-4E87-A32E-FD097F2EBD0C}"
EndProject
Project("{FAE04EC0-301F-11D3-BF4B-00C04F79EFBC}") = "MarcakiService.Application.UnitTests", "tests\MarcakiService.Application.UnitTests\MarcakiService.Application.UnitTests.csproj", "{BF085E5A-2060-4D5F-BD7A-61B286D150CC}"
EndProject
Project("{FAE04EC0-301F-11D3-BF4B-00C04F79EFBC}") = "MarcakiService.Repository", "src\MarcakiService.Repository\MarcakiService.Repository.csproj", "{9A4CCFD4-4017-44F1-9242-ECB8B6518862}"
EndProject
Global
	GlobalSection(SolutionConfigurationPlatforms) = preSolution
		Debug|Any CPU = Debug|Any CPU
		Release|Any CPU = Release|Any CPU
	EndGlobalSection
	GlobalSection(ProjectConfigurationPlatforms) = postSolution
		{DAD3561D-67C6-4F8D-888A-C7EE09E173C7}.Debug|Any CPU.ActiveCfg = Debug|Any CPU
		{DAD3561D-67C6-4F8D-888A-C7EE09E173C7}.Debug|Any CPU.Build.0 = Debug|Any CPU
		{DAD3561D-67C6-4F8D-888A-C7EE09E173C7}.Release|Any CPU.ActiveCfg = Release|Any CPU
		{DAD3561D-67C6-4F8D-888A-C7EE09E173C7}.Release|Any CPU.Build.0 = Release|Any CPU
		{7259DF61-EEEF-4C4E-A878-9D8B484487BC}.Debug|Any CPU.ActiveCfg = Debug|Any CPU
		{7259DF61-EEEF-4C4E-A878-9D8B484487BC}.Debug|Any CPU.Build.0 = Debug|Any CPU
		{7259DF61-EEEF-4C4E-A878-9D8B484487BC}.Release|Any CPU.ActiveCfg = Release|Any CPU
		{7259DF61-EEEF-4C4E-A878-9D8B484487BC}.Release|Any CPU.Build.0 = Release|Any CPU
		{51AE0B3D-216B-44ED-AA2E-8D74D45BD794}.Debug|Any CPU.ActiveCfg = Debug|Any CPU
		{51AE0B3D-216B-44ED-AA2E-8D74D45BD794}.Debug|Any CPU.Build.0 = Debug|Any CPU
		{51AE0B3D-216B-44ED-AA2E-8D74D45BD794}.Release|Any CPU.ActiveCfg = Release|Any CPU
		{51AE0B3D-216B-44ED-AA2E-8D74D45BD794}.Release|Any CPU.Build.0 = Release|Any CPU
		{0E91728D-53ED-4E87-A32E-FD097F2EBD0C}.Debug|Any CPU.ActiveCfg = Debug|Any CPU
		{0E91728D-53ED-4E87-A32E-FD097F2EBD0C}.Debug|Any CPU.Build.0 = Debug|Any CPU
		{0E91728D-53ED-4E87-A32E-FD097F2EBD0C}.Release|Any CPU.ActiveCfg = Release|Any CPU
		{0E91728D-53ED-4E87-A32E-FD097F2EBD0C}.Release|Any CPU.Build.0 = Release|Any CPU
		{BF085E5A-2060-4D5F-BD7A-61B286D150CC}.Debug|Any CPU.ActiveCfg = Debug|Any CPU
		{BF085E5A-2060-4D5F-BD7A-61B286D150CC}.Debug|Any CPU.Build.0 = Debug|Any CPU
		{BF085E5A-2060-4D5F-BD7A-61B286D150CC}.Release|Any CPU.ActiveCfg = Release|Any CPU
		{BF085E5A-2060-4D5F-BD7A-61B286D150CC}.Release|Any CPU.Build.0 = Release|Any CPU
		{9A4CCFD4-4017-44F1-9242-ECB8B6518862}.Debug|Any CPU.ActiveCfg = Debug|Any CPU
		{9A4CCFD4-4017-44F1-9242-ECB8B6518862}.Debug|Any CPU.Build.0 = Debug|Any CPU
		{9A4CCFD4-4017-44F1-9242-ECB8B6518862}.Release|Any CPU.ActiveCfg = Release|Any CPU
		{9A4CCFD4-4017-44F1-9242-ECB8B6518862}.Release|Any CPU.Build.0 = Release|Any CPU
	EndGlobalSection
	GlobalSection(NestedProjects) = preSolution
		{DAD3561D-67C6-4F8D-888A-C7EE09E173C7} = {F1163470-C54A-4AC8-9FD7-4E883E80C917}
		{7259DF61-EEEF-4C4E-A878-9D8B484487BC} = {A50A4786-ABBA-4D75-A091-01CF2EBB5182}
		{51AE0B3D-216B-44ED-AA2E-8D74D45BD794} = {F1163470-C54A-4AC8-9FD7-4E883E80C917}
		{0E91728D-53ED-4E87-A32E-FD097F2EBD0C} = {F1163470-C54A-4AC8-9FD7-4E883E80C917}
		{BF085E5A-2060-4D5F-BD7A-61B286D150CC} = {A50A4786-ABBA-4D75-A091-01CF2EBB5182}
		{9A4CCFD4-4017-44F1-9242-ECB8B6518862} = {F1163470-C54A-4AC8-9FD7-4E883E80C917}
	EndGlobalSection
EndGlobal
